// !$*UTF8*$!
{
	archiveVersion = 1;
	classes = {
	};
	objectVersion = 46;
	objects = {

/* Begin PBXBuildFile section */
		758552BC1D8AFFD10093478F /* MBControllersProvider.swift in Sources */ = {isa = PBXBuildFile; fileRef = 758552BB1D8AFFD10093478F /* MBControllersProvider.swift */; };
		758552BE1D8B02760093478F /* ChildControllersProvider.swift in Sources */ = {isa = PBXBuildFile; fileRef = 758552BD1D8B02760093478F /* ChildControllersProvider.swift */; };
		75A6CCE01D8AA59D006CCF03 /* AppDelegate.swift in Sources */ = {isa = PBXBuildFile; fileRef = 75A6CCDF1D8AA59D006CCF03 /* AppDelegate.swift */; };
		75A6CCE51D8AA59D006CCF03 /* Main.storyboard in Resources */ = {isa = PBXBuildFile; fileRef = 75A6CCE31D8AA59D006CCF03 /* Main.storyboard */; };
		75A6CCE71D8AA59D006CCF03 /* Assets.xcassets in Resources */ = {isa = PBXBuildFile; fileRef = 75A6CCE61D8AA59D006CCF03 /* Assets.xcassets */; };
		75A6CCEA1D8AA59D006CCF03 /* LaunchScreen.storyboard in Resources */ = {isa = PBXBuildFile; fileRef = 75A6CCE81D8AA59D006CCF03 /* LaunchScreen.storyboard */; };
		75A6CCF41D8AAF29006CCF03 /* ChildViewController.swift in Sources */ = {isa = PBXBuildFile; fileRef = 75A6CCF31D8AAF29006CCF03 /* ChildViewController.swift */; };
		75A6CCF61D8AAF61006CCF03 /* ParentViewController.swift in Sources */ = {isa = PBXBuildFile; fileRef = 75A6CCF51D8AAF61006CCF03 /* ParentViewController.swift */; };
/* End PBXBuildFile section */

/* Begin PBXFileReference section */
		758552BB1D8AFFD10093478F /* MBControllersProvider.swift */ = {isa = PBXFileReference; fileEncoding = 4; lastKnownFileType = sourcecode.swift; name = MBControllersProvider.swift; path = ../../../mamba/Common/Network/DataProvider/MBControllersProvider.swift; sourceTree = "<group>"; };
		758552BD1D8B02760093478F /* ChildControllersProvider.swift */ = {isa = PBXFileReference; fileEncoding = 4; lastKnownFileType = sourcecode.swift; path = ChildControllersProvider.swift; sourceTree = "<group>"; };
		75A6CCDC1D8AA59D006CCF03 /* AnketaSlider.app */ = {isa = PBXFileReference; explicitFileType = wrapper.application; includeInIndex = 0; path = AnketaSlider.app; sourceTree = BUILT_PRODUCTS_DIR; };
		75A6CCDF1D8AA59D006CCF03 /* AppDelegate.swift */ = {isa = PBXFileReference; lastKnownFileType = sourcecode.swift; path = AppDelegate.swift; sourceTree = "<group>"; };
		75A6CCE41D8AA59D006CCF03 /* Base */ = {isa = PBXFileReference; lastKnownFileType = file.storyboard; name = Base; path = Base.lproj/Main.storyboard; sourceTree = "<group>"; };
		75A6CCE61D8AA59D006CCF03 /* Assets.xcassets */ = {isa = PBXFileReference; lastKnownFileType = folder.assetcatalog; path = Assets.xcassets; sourceTree = "<group>"; };
		75A6CCE91D8AA59D006CCF03 /* Base */ = {isa = PBXFileReference; lastKnownFileType = file.storyboard; name = Base; path = Base.lproj/LaunchScreen.storyboard; sourceTree = "<group>"; };
		75A6CCEB1D8AA59D006CCF03 /* Info.plist */ = {isa = PBXFileReference; lastKnownFileType = text.plist.xml; path = Info.plist; sourceTree = "<group>"; };
		75A6CCF31D8AAF29006CCF03 /* ChildViewController.swift */ = {isa = PBXFileReference; fileEncoding = 4; lastKnownFileType = sourcecode.swift; path = ChildViewController.swift; sourceTree = "<group>"; };
		75A6CCF51D8AAF61006CCF03 /* ParentViewController.swift */ = {isa = PBXFileReference; fileEncoding = 4; lastKnownFileType = sourcecode.swift; path = ParentViewController.swift; sourceTree = "<group>"; };
/* End PBXFileReference section */

/* Begin PBXFrameworksBuildPhase section */
		75A6CCD91D8AA59D006CCF03 /* Frameworks */ = {
			isa = PBXFrameworksBuildPhase;
			buildActionMask = 2147483647;
			files = (
			);
			runOnlyForDeploymentPostprocessing = 0;
		};
/* End PBXFrameworksBuildPhase section */

/* Begin PBXGroup section */
		75A6CCD31D8AA59D006CCF03 = {
			isa = PBXGroup;
			children = (
				75A6CCDE1D8AA59D006CCF03 /* AnketaSlider */,
				75A6CCDD1D8AA59D006CCF03 /* Products */,
			);
			sourceTree = "<group>";
		};
		75A6CCDD1D8AA59D006CCF03 /* Products */ = {
			isa = PBXGroup;
			children = (
				75A6CCDC1D8AA59D006CCF03 /* AnketaSlider.app */,
			);
			name = Products;
			sourceTree = "<group>";
		};
		75A6CCDE1D8AA59D006CCF03 /* AnketaSlider */ = {
			isa = PBXGroup;
			children = (
				75A6CCDF1D8AA59D006CCF03 /* AppDelegate.swift */,
				75A6CCF51D8AAF61006CCF03 /* ParentViewController.swift */,
				75A6CCF31D8AAF29006CCF03 /* ChildViewController.swift */,
				758552BB1D8AFFD10093478F /* MBControllersProvider.swift */,
				758552BD1D8B02760093478F /* ChildControllersProvider.swift */,
				75A6CCE31D8AA59D006CCF03 /* Main.storyboard */,
				75A6CCE61D8AA59D006CCF03 /* Assets.xcassets */,
				75A6CCE81D8AA59D006CCF03 /* LaunchScreen.storyboard */,
				75A6CCEB1D8AA59D006CCF03 /* Info.plist */,
			);
			path = AnketaSlider;
			sourceTree = "<group>";
		};
/* End PBXGroup section */

/* Begin PBXNativeTarget section */
		75A6CCDB1D8AA59D006CCF03 /* AnketaSlider */ = {
			isa = PBXNativeTarget;
			buildConfigurationList = 75A6CCEE1D8AA59D006CCF03 /* Build configuration list for PBXNativeTarget "AnketaSlider" */;
			buildPhases = (
				75A6CCD81D8AA59D006CCF03 /* Sources */,
				75A6CCD91D8AA59D006CCF03 /* Frameworks */,
				75A6CCDA1D8AA59D006CCF03 /* Resources */,
			);
			buildRules = (
			);
			dependencies = (
			);
			name = AnketaSlider;
			productName = AnketaSlider;
			productReference = 75A6CCDC1D8AA59D006CCF03 /* AnketaSlider.app */;
			productType = "com.apple.product-type.application";
		};
/* End PBXNativeTarget section */

/* Begin PBXProject section */
		75A6CCD41D8AA59D006CCF03 /* Project object */ = {
			isa = PBXProject;
			attributes = {
				LastSwiftUpdateCheck = 0800;
				LastUpgradeCheck = 0800;
				ORGANIZATIONNAME = "Igor Korolev";
				TargetAttributes = {
					75A6CCDB1D8AA59D006CCF03 = {
						CreatedOnToolsVersion = 8.0;
						DevelopmentTeam = 8QMPFC8Z35;
						ProvisioningStyle = Automatic;
					};
				};
			};
			buildConfigurationList = 75A6CCD71D8AA59D006CCF03 /* Build configuration list for PBXProject "AnketaSlider" */;
			compatibilityVersion = "Xcode 3.2";
			developmentRegion = English;
			hasScannedForEncodings = 0;
			knownRegions = (
				en,
				Base,
			);
			mainGroup = 75A6CCD31D8AA59D006CCF03;
			productRefGroup = 75A6CCDD1D8AA59D006CCF03 /* Products */;
			projectDirPath = "";
			projectRoot = "";
			targets = (
				75A6CCDB1D8AA59D006CCF03 /* AnketaSlider */,
			);
		};
/* End PBXProject section */

/* Begin PBXResourcesBuildPhase section */
		75A6CCDA1D8AA59D006CCF03 /* Resources */ = {
			isa = PBXResourcesBuildPhase;
			buildActionMask = 2147483647;
			files = (
				75A6CCEA1D8AA59D006CCF03 /* LaunchScreen.storyboard in Resources */,
				75A6CCE71D8AA59D006CCF03 /* Assets.xcassets in Resources */,
				75A6CCE51D8AA59D006CCF03 /* Main.storyboard in Resources */,
			);
			runOnlyForDeploymentPostprocessing = 0;
		};
/* End PBXResourcesBuildPhase section */

/* Begin PBXSourcesBuildPhase section */
		75A6CCD81D8AA59D006CCF03 /* Sources */ = {
			isa = PBXSourcesBuildPhase;
			buildActionMask = 2147483647;
			files = (
				758552BE1D8B02760093478F /* ChildControllersProvider.swift in Sources */,
				75A6CCE01D8AA59D006CCF03 /* AppDelegate.swift in Sources */,
				75A6CCF41D8AAF29006CCF03 /* ChildViewController.swift in Sources */,
				75A6CCF61D8AAF61006CCF03 /* ParentViewController.swift in Sources */,
				758552BC1D8AFFD10093478F /* MBControllersProvider.swift in Sources */,
			);
			runOnlyForDeploymentPostprocessing = 0;
		};
/* End PBXSourcesBuildPhase section */

/* Begin PBXVariantGroup section */
		75A6CCE31D8AA59D006CCF03 /* Main.storyboard */ = {
			isa = PBXVariantGroup;
			children = (
				75A6CCE41D8AA59D006CCF03 /* Base */,
			);
			name = Main.storyboard;
			sourceTree = "<group>";
		};
		75A6CCE81D8AA59D006CCF03 /* LaunchScreen.storyboard */ = {
			isa = PBXVariantGroup;
			children = (
				75A6CCE91D8AA59D006CCF03 /* Base */,
			);
			name = LaunchScreen.storyboard;
			sourceTree = "<group>";
		};
/* End PBXVariantGroup section */

/* Begin XCBuildConfiguration section */
		75A6CCEC1D8AA59D006CCF03 /* Debug */ = {
			isa = XCBuildConfiguration;
			buildSettings = {
				ALWAYS_SEARCH_USER_PATHS = NO;
				CLANG_ANALYZER_NONNULL = YES;
				CLANG_CXX_LANGUAGE_STANDARD = "gnu++0x";
				CLANG_CXX_LIBRARY = "libc++";
				CLANG_ENABLE_MODULES = YES;
				CLANG_ENABLE_OBJC_ARC = YES;
				CLANG_WARN_BOOL_CONVERSION = YES;
				CLANG_WARN_CONSTANT_CONVERSION = YES;
				CLANG_WARN_DIRECT_OBJC_ISA_USAGE = YES_ERROR;
				CLANG_WARN_DOCUMENTATION_COMMENTS = YES;
				CLANG_WARN_EMPTY_BODY = YES;
				CLANG_WARN_ENUM_CONVERSION = YES;
				CLANG_WARN_INFINITE_RECURSION = YES;
				CLANG_WARN_INT_CONVERSION = YES;
				CLANG_WARN_OBJC_ROOT_CLASS = YES_ERROR;
				CLANG_WARN_SUSPICIOUS_MOVES = YES;
				CLANG_WARN_UNREACHABLE_CODE = YES;
				CLANG_WARN__DUPLICATE_METHOD_MATCH = YES;
				"CODE_SIGN_IDENTITY[sdk=iphoneos*]" = "iPhone Developer";
				COPY_PHASE_STRIP = NO;
				DEBUG_INFORMATION_FORMAT = dwarf;
				ENABLE_STRICT_OBJC_MSGSEND = YES;
				ENABLE_TESTABILITY = YES;
				GCC_C_LANGUAGE_STANDARD = gnu99;
				GCC_DYNAMIC_NO_PIC = NO;
				GCC_NO_COMMON_BLOCKS = YES;
				GCC_OPTIMIZATION_LEVEL = 0;
				GCC_PREPROCESSOR_DEFINITIONS = (
					"DEBUG=1",
					"$(inherited)",
				);
				GCC_WARN_64_TO_32_BIT_CONVERSION = YES;
				GCC_WARN_ABOUT_RETURN_TYPE = YES_ERROR;
				GCC_WARN_UNDECLARED_SELECTOR = YES;
				GCC_WARN_UNINITIALIZED_AUTOS = YES_AGGRESSIVE;
				GCC_WARN_UNUSED_FUNCTION = YES;
				GCC_WARN_UNUSED_VARIABLE = YES;
				IPHONEOS_DEPLOYMENT_TARGET = 10.0;
				MTL_ENABLE_DEBUG_INFO = YES;
				ONLY_ACTIVE_ARCH = YES;
				SDKROOT = iphoneos;
				SWIFT_ACTIVE_COMPILATION_CONDITIONS = DEBUG;
				SWIFT_OPTIMIZATION_LEVEL = "-Onone";
				TARGETED_DEVICE_FAMILY = "1,2";
			};
			name = Debug;
		};
		75A6CCED1D8AA59D006CCF03 /* Release */ = {
			isa = XCBuildConfiguration;
			buildSettings = {
				ALWAYS_SEARCH_USER_PATHS = NO;
				CLANG_ANALYZER_NONNULL = YES;
				CLANG_CXX_LANGUAGE_STANDARD = "gnu++0x";
				CLANG_CXX_LIBRARY = "libc++";
				CLANG_ENABLE_MODULES = YES;
				CLANG_ENABLE_OBJC_ARC = YES;
				CLANG_WARN_BOOL_CONVERSION = YES;
				CLANG_WARN_CONSTANT_CONVERSION = YES;
				CLANG_WARN_DIRECT_OBJC_ISA_USAGE = YES_ERROR;
				CLANG_WARN_DOCUMENTATION_COMMENTS = YES;
				CLANG_WARN_EMPTY_BODY = YES;
				CLANG_WARN_ENUM_CONVERSION = YES;
				CLANG_WARN_INFINITE_RECURSION = YES;
				CLANG_WARN_INT_CONVERSION = YES;
				CLANG_WARN_OBJC_ROOT_CLASS = YES_ERROR;
				CLANG_WARN_SUSPICIOUS_MOVES = YES;
				CLANG_WARN_UNREACHABLE_CODE = YES;
				CLANG_WARN__DUPLICATE_METHOD_MATCH = YES;
				"CODE_SIGN_IDENTITY[sdk=iphoneos*]" = "iPhone Developer";
				COPY_PHASE_STRIP = NO;
				DEBUG_INFORMATION_FORMAT = "dwarf-with-dsym";
				ENABLE_NS_ASSERTIONS = NO;
				ENABLE_STRICT_OBJC_MSGSEND = YES;
				GCC_C_LANGUAGE_STANDARD = gnu99;
				GCC_NO_COMMON_BLOCKS = YES;
				GCC_WARN_64_TO_32_BIT_CONVERSION = YES;
				GCC_WARN_ABOUT_RETURN_TYPE = YES_ERROR;
				GCC_WARN_UNDECLARED_SELECTOR = YES;
				GCC_WARN_UNINITIALIZED_AUTOS = YES_AGGRESSIVE;
				GCC_WARN_UNUSED_FUNCTION = YES;
				GCC_WARN_UNUSED_VARIABLE = YES;
				IPHONEOS_DEPLOYMENT_TARGET = 10.0;
				MTL_ENABLE_DEBUG_INFO = NO;
				SDKROOT = iphoneos;
				SWIFT_OPTIMIZATION_LEVEL = "-Owholemodule";
				TARGETED_DEVICE_FAMILY = "1,2";
				VALIDATE_PRODUCT = YES;
			};
			name = Release;
		};
		75A6CCEF1D8AA59D006CCF03 /* Debug */ = {
			isa = XCBuildConfiguration;
			buildSettings = {
				ASSETCATALOG_COMPILER_APPICON_NAME = AppIcon;
				DEVELOPMENT_TEAM = 8QMPFC8Z35;
				INFOPLIST_FILE = AnketaSlider/Info.plist;
				LD_RUNPATH_SEARCH_PATHS = "$(inherited) @executable_path/Frameworks";
				PRODUCT_BUNDLE_IDENTIFIER = com.ikorolev.AnketaSlider;
				PRODUCT_NAME = "$(TARGET_NAME)";
				SWIFT_VERSION = 3.0;
			};
			name = Debug;
		};
		75A6CCF01D8AA59D006CCF03 /* Release */ = {
			isa = XCBuildConfiguration;
			buildSettings = {
				ASSETCATALOG_COMPILER_APPICON_NAME = AppIcon;
				DEVELOPMENT_TEAM = 8QMPFC8Z35;
				INFOPLIST_FILE = AnketaSlider/Info.plist;
				LD_RUNPATH_SEARCH_PATHS = "$(inherited) @executable_path/Frameworks";
				PRODUCT_BUNDLE_IDENTIFIER = com.ikorolev.AnketaSlider;
				PRODUCT_NAME = "$(TARGET_NAME)";
				SWIFT_VERSION = 3.0;
			};
			name = Release;
		};
/* End XCBuildConfiguration section */

/* Begin XCConfigurationList section */
		75A6CCD71D8AA59D006CCF03 /* Build configuration list for PBXProject "AnketaSlider" */ = {
			isa = XCConfigurationList;
			buildConfigurations = (
				75A6CCEC1D8AA59D006CCF03 /* Debug */,
				75A6CCED1D8AA59D006CCF03 /* Release */,
			);
			defaultConfigurationIsVisible = 0;
			defaultConfigurationName = Release;
		};
		75A6CCEE1D8AA59D006CCF03 /* Build configuration list for PBXNativeTarget "AnketaSlider" */ = {
			isa = XCConfigurationList;
			buildConfigurations = (
				75A6CCEF1D8AA59D006CCF03 /* Debug */,
				75A6CCF01D8AA59D006CCF03 /* Release */,
			);
			defaultConfigurationIsVisible = 0;
			defaultConfigurationName = Release;
		};
/* End XCConfigurationList section */
	};
	rootObject = 75A6CCD41D8AA59D006CCF03 /* Project object */;
}
